
Microsoft Visual Studio Solution File, Format Version 12.00
# Visual Studio Version 16
VisualStudioVersion = 16.0.31005.135
MinimumVisualStudioVersion = 10.0.40219.1
Project("{FAE04EC0-301F-11D3-BF4B-00C04F79EFBC}") = "Assignment_G2.1", "Assignment_G2.1\Assignment_G2.1.csproj", "{7CB367B1-C9D2-422D-B872-AFC0AF6E8E02}"
EndProject
Global
	GlobalSection(SolutionConfigurationPlatforms) = preSolution
		Debug|Any CPU = Debug|Any CPU
		Release|Any CPU = Release|Any CPU
	EndGlobalSection
	GlobalSection(ProjectConfigurationPlatforms) = postSolution
		{7CB367B1-C9D2-422D-B872-AFC0AF6E8E02}.Debug|Any CPU.ActiveCfg = Debug|Any CPU
		{7CB367B1-C9D2-422D-B872-AFC0AF6E8E02}.Debug|Any CPU.Build.0 = Debug|Any CPU
		{7CB367B1-C9D2-422D-B872-AFC0AF6E8E02}.Release|Any CPU.ActiveCfg = Release|Any CPU
		{7CB367B1-C9D2-422D-B872-AFC0AF6E8E02}.Release|Any CPU.Build.0 = Release|Any CPU
	EndGlobalSection
	GlobalSection(SolutionProperties) = preSolution
		HideSolutionNode = FALSE
	EndGlobalSection
	GlobalSection(ExtensibilityGlobals) = postSolution
		SolutionGuid = {0EDCE785-FF87-47C9-B6E6-762C947295A4}
	EndGlobalSection
EndGlobal
